
Microsoft Visual Studio Solution File, Format Version 12.00
# Visual Studio Version 17
VisualStudioVersion = 17.0.31903.59
MinimumVisualStudioVersion = 10.0.40219.1
Project("{FAE04EC0-301F-11D3-BF4B-00C04F79EFBC}") = "TestingGitHub", "TestingGitHub\TestingGitHub.csproj", "{6FA7B5C1-DE64-42EE-8538-867E6642361F}"
EndProject
Project("{FAE04EC0-301F-11D3-BF4B-00C04F79EFBC}") = "TestingGitHub.Tests", "TestingGitHub.Tests\TestingGitHub.Tests.csproj", "{C6F808F5-1C28-4572-8B17-8F27FB9843BC}"
EndProject
Global
	GlobalSection(SolutionConfigurationPlatforms) = preSolution
		Debug|Any CPU = Debug|Any CPU
		Release|Any CPU = Release|Any CPU
	EndGlobalSection
	GlobalSection(ProjectConfigurationPlatforms) = postSolution
		{6FA7B5C1-DE64-42EE-8538-867E6642361F}.Debug|Any CPU.ActiveCfg = Debug|Any CPU
		{6FA7B5C1-DE64-42EE-8538-867E6642361F}.Debug|Any CPU.Build.0 = Debug|Any CPU
		{6FA7B5C1-DE64-42EE-8538-867E6642361F}.Release|Any CPU.ActiveCfg = Release|Any CPU
		{6FA7B5C1-DE64-42EE-8538-867E6642361F}.Release|Any CPU.Build.0 = Release|Any CPU
		{C6F808F5-1C28-4572-8B17-8F27FB9843BC}.Debug|Any CPU.ActiveCfg = Debug|Any CPU
		{C6F808F5-1C28-4572-8B17-8F27FB9843BC}.Debug|Any CPU.Build.0 = Debug|Any CPU
		{C6F808F5-1C28-4572-8B17-8F27FB9843BC}.Release|Any CPU.ActiveCfg = Release|Any CPU
		{C6F808F5-1C28-4572-8B17-8F27FB9843BC}.Release|Any CPU.Build.0 = Release|Any CPU
	EndGlobalSection
	GlobalSection(SolutionProperties) = preSolution
		HideSolutionNode = FALSE
	EndGlobalSection
	GlobalSection(ExtensibilityGlobals) = postSolution
		SolutionGuid = {82E9F45F-2F63-4108-9703-D75674BF1D94}
	EndGlobalSection
EndGlobal
